
Microsoft Visual Studio Solution File, Format Version 12.00
# Visual Studio Version 16
VisualStudioVersion = 16.0.30907.101
MinimumVisualStudioVersion = 10.0.40219.1
Project("{9A19103F-16F7-4668-BE54-9A1E7A4F7556}") = "CameraClub.Function", "CameraClub.Function\CameraClub.Function.csproj", "{278A8DA8-C1F2-48C0-B288-CAAB2D53C46C}"
EndProject
Project("{9A19103F-16F7-4668-BE54-9A1E7A4F7556}") = "CameraClub.Function.Contracts", "CameraClub.Function.Contracts\CameraClub.Function.Contracts.csproj", "{7DCC92EA-B746-483D-9468-743F7DE62134}"
EndProject
Project("{FAE04EC0-301F-11D3-BF4B-00C04F79EFBC}") = "CameraClub.Function.Tests", "CameraClub.Function.Tests\CameraClub.Function.Tests.csproj", "{84177F7F-1D4D-4D1E-A3AD-BE864F786548}"
EndProject
Global
	GlobalSection(SolutionConfigurationPlatforms) = preSolution
		Debug|Any CPU = Debug|Any CPU
		Release|Any CPU = Release|Any CPU
	EndGlobalSection
	GlobalSection(ProjectConfigurationPlatforms) = postSolution
		{278A8DA8-C1F2-48C0-B288-CAAB2D53C46C}.Debug|Any CPU.ActiveCfg = Debug|Any CPU
		{278A8DA8-C1F2-48C0-B288-CAAB2D53C46C}.Debug|Any CPU.Build.0 = Debug|Any CPU
		{278A8DA8-C1F2-48C0-B288-CAAB2D53C46C}.Release|Any CPU.ActiveCfg = Release|Any CPU
		{278A8DA8-C1F2-48C0-B288-CAAB2D53C46C}.Release|Any CPU.Build.0 = Release|Any CPU
		{7DCC92EA-B746-483D-9468-743F7DE62134}.Debug|Any CPU.ActiveCfg = Debug|Any CPU
		{7DCC92EA-B746-483D-9468-743F7DE62134}.Debug|Any CPU.Build.0 = Debug|Any CPU
		{7DCC92EA-B746-483D-9468-743F7DE62134}.Release|Any CPU.ActiveCfg = Release|Any CPU
		{7DCC92EA-B746-483D-9468-743F7DE62134}.Release|Any CPU.Build.0 = Release|Any CPU
		{84177F7F-1D4D-4D1E-A3AD-BE864F786548}.Debug|Any CPU.ActiveCfg = Debug|Any CPU
		{84177F7F-1D4D-4D1E-A3AD-BE864F786548}.Debug|Any CPU.Build.0 = Debug|Any CPU
		{84177F7F-1D4D-4D1E-A3AD-BE864F786548}.Release|Any CPU.ActiveCfg = Release|Any CPU
		{84177F7F-1D4D-4D1E-A3AD-BE864F786548}.Release|Any CPU.Build.0 = Release|Any CPU
	EndGlobalSection
	GlobalSection(SolutionProperties) = preSolution
		HideSolutionNode = FALSE
	EndGlobalSection
	GlobalSection(ExtensibilityGlobals) = postSolution
		SolutionGuid = {BE8E5DF5-8C51-4B87-A857-B263F24230EB}
	EndGlobalSection
EndGlobal
